<?xml version="1.0" encoding="utf-8"?>
<Project ToolsVersion="4.0" xmlns="http://schemas.microsoft.com/developer/msbuild/2003">
  <ItemGroup>
    <Filter Include="Source Files">
      <UniqueIdentifier>{4FC737F1-C7A5-4376-A066-2A32D752A2FF}</UniqueIdentifier>
      <Extensions>cpp;c;cc;cxx;c++;cppm;ixx;def;odl;idl;hpj;bat;asm;asmx</Extensions>
    </Filter>
    <Filter Include="Header Files">
      <UniqueIdentifier>{93995380-89BD-4b04-88EB-625FBE52EBFB}</UniqueIdentifier>
      <Extensions>h;hh;hpp;hxx;h++;hm;inl;inc;ipp;xsd</Extensions>
    </Filter>
    <Filter Include="Resource Files">
      <UniqueIdentifier>{67DA6AB6-F800-4c08-8B7A-83BB121AAD01}</UniqueIdentifier>
      <Extensions>rc;ico;cur;bmp;dlg;rc2;rct;bin;rgs;gif;jpg;jpeg;jpe;resx;tiff;tif;png;wav;mfcribbon-ms</Extensions>
    </Filter>
  </ItemGroup>
  <ItemGroup>
    <ClCompile Include="main.cpp">
      <Filter>Source Files</Filter>
    </ClCompile>
    <ClCompile Include="VRE_Window.cpp">
      <Filter>Source Files</Filter>
    </ClCompile>
    <ClCompile Include="VRE_App.cpp">
      <Filter>Source Files</Filter>
    </ClCompile>
    <ClCompile Include="VRE_Pipeline.cpp">
      <Filter>Source Files</Filter>
    </ClCompile>
    <ClCompile Include="VRE_Device.cpp">
      <Filter>Source Files</Filter>
    </ClCompile>
    <ClCompile Include="VRE_SwapChain.cpp">
      <Filter>Source Files</Filter>
    </ClCompile>
    <ClCompile Include="VRE_Model.cpp">
      <Filter>Source Files</Filter>
    </ClCompile>
    <ClCompile Include="VRE_Renderer.cpp">
      <Filter>Source Files</Filter>
    </ClCompile>
    <ClCompile Include="VRE_RenderSystem.cpp">
      <Filter>Source Files</Filter>
    </ClCompile>
    <ClCompile Include="VRE_Camera.cpp">
      <Filter>Source Files</Filter>
    </ClCompile>
    <ClCompile Include="VRE_InputListener.cpp">
      <Filter>Source Files</Filter>
    </ClCompile>
    <ClCompile Include="VRE_Buffer.cpp">
      <Filter>Source Files</Filter>
    </ClCompile>
    <ClCompile Include="VRE_Descriptor.cpp">
      <Filter>Source Files</Filter>
    </ClCompile>
    <ClCompile Include="VRE_PointLightRenderSystem.cpp">
      <Filter>Source Files</Filter>
    </ClCompile>
    <ClCompile Include="VRE_Texture.cpp">
      <Filter>Source Files</Filter>
    </ClCompile>
    <ClCompile Include="VRE_glTFModel.cpp">
      <Filter>Source Files</Filter>
    </ClCompile>
    <ClCompile Include="VRE_ModelProperties.cpp">
      <Filter>Source Files</Filter>
    </ClCompile>
    <ClCompile Include="VRE_GameObject.cpp">
      <Filter>Source Files</Filter>
    </ClCompile>
  </ItemGroup>
  <ItemGroup>
    <ClInclude Include="VRE_Window.h">
      <Filter>Header Files</Filter>
    </ClInclude>
    <ClInclude Include="VRE_App.h">
      <Filter>Header Files</Filter>
    </ClInclude>
    <ClInclude Include="VRE_Pipeline.h">
      <Filter>Header Files</Filter>
    </ClInclude>
    <ClInclude Include="VRE_Device.h">
      <Filter>Header Files</Filter>
    </ClInclude>
    <ClInclude Include="VRE_SwapChain.h">
      <Filter>Header Files</Filter>
    </ClInclude>
    <ClInclude Include="VRE_Model.h">
      <Filter>Header Files</Filter>
    </ClInclude>
    <ClInclude Include="VRE_GameObject.h">
      <Filter>Header Files</Filter>
    </ClInclude>
    <ClInclude Include="VRE_Renderer.h">
      <Filter>Header Files</Filter>
    </ClInclude>
    <ClInclude Include="VRE_RenderSystem.h">
      <Filter>Header Files</Filter>
    </ClInclude>
    <ClInclude Include="VRE_Camera.h">
      <Filter>Header Files</Filter>
    </ClInclude>
    <ClInclude Include="VRE_InputListener.h">
      <Filter>Header Files</Filter>
    </ClInclude>
    <ClInclude Include="VRE_Utilities.h">
      <Filter>Header Files</Filter>
    </ClInclude>
    <ClInclude Include="VRE_Buffer.h">
      <Filter>Header Files</Filter>
    </ClInclude>
    <ClInclude Include="VRE_FrameInfo.h">
      <Filter>Header Files</Filter>
    </ClInclude>
    <ClInclude Include="VRE_Descriptor.h">
      <Filter>Header Files</Filter>
    </ClInclude>
    <ClInclude Include="VRE_PointLightRenderSystem.h">
      <Filter>Header Files</Filter>
    </ClInclude>
    <ClInclude Include="VRE_PointLight.h">
      <Filter>Header Files</Filter>
    </ClInclude>
    <ClInclude Include="VRE_ObjectComponents.h">
      <Filter>Header Files</Filter>
    </ClInclude>
    <ClInclude Include="VRE_Texture.h">
      <Filter>Header Files</Filter>
    </ClInclude>
    <ClInclude Include="VRE_glTFModel.h">
      <Filter>Header Files</Filter>
    </ClInclude>
    <ClInclude Include="VRE_ModelProperties.h">
      <Filter>Header Files</Filter>
    </ClInclude>
  </ItemGroup>
  <ItemGroup>
    <None Include="Shaders\test_shader.vert" />
    <None Include="Shaders\test_shader.frag" />
    <None Include="Shaders\point_light.frag" />
    <None Include="Shaders\point_light.vert" />
    <None Include="ClassDiagram.cd" />
  </ItemGroup>
</Project>